Microsoft Visual Studio Solution File, Format Version 11.00
# Visual Studio 2008

Project("{7DB01E72-B32E-DD59-BC37-1118E78CE7F7}") = "The circus", "Assembly-CSharp-firstpass.csproj", "{F242637F-4BC1-3C18-12C9-70AF40C5E98E}"
EndProject
Project("{7DB01E72-B32E-DD59-BC37-1118E78CE7F7}") = "The circus", "Assembly-CSharp.csproj", "{EBB51505-1276-9CE8-7F71-B606AB78F5F8}"
EndProject
Global
	GlobalSection(SolutionConfigurationPlatforms) = preSolution
		Debug|Any CPU = Debug|Any CPU
		Release|Any CPU = Release|Any CPU
	EndGlobalSection
	GlobalSection(ProjectConfigurationPlatforms) = postSolution
		{F242637F-4BC1-3C18-12C9-70AF40C5E98E}.Debug|Any CPU.ActiveCfg = Debug|Any CPU
		{F242637F-4BC1-3C18-12C9-70AF40C5E98E}.Debug|Any CPU.Build.0 = Debug|Any CPU
		{F242637F-4BC1-3C18-12C9-70AF40C5E98E}.Release|Any CPU.ActiveCfg = Release|Any CPU
		{F242637F-4BC1-3C18-12C9-70AF40C5E98E}.Release|Any CPU.Build.0 = Release|Any CPU
		{EBB51505-1276-9CE8-7F71-B606AB78F5F8}.Debug|Any CPU.ActiveCfg = Debug|Any CPU
		{EBB51505-1276-9CE8-7F71-B606AB78F5F8}.Debug|Any CPU.Build.0 = Debug|Any CPU
		{EBB51505-1276-9CE8-7F71-B606AB78F5F8}.Release|Any CPU.ActiveCfg = Release|Any CPU
		{EBB51505-1276-9CE8-7F71-B606AB78F5F8}.Release|Any CPU.Build.0 = Release|Any CPU
	EndGlobalSection
	GlobalSection(SolutionProperties) = preSolution
		HideSolutionNode = FALSE
	EndGlobalSection
	GlobalSection(MonoDevelopProperties) = preSolution
		StartupItem = Assembly-CSharp.csproj
	EndGlobalSection
EndGlobal
